
Microsoft Visual Studio Solution File, Format Version 12.00
# Visual Studio Version 16
VisualStudioVersion = 16.0.31005.135
MinimumVisualStudioVersion = 10.0.40219.1
Project("{2150E333-8FDC-42A3-9474-1A3956D46DE8}") = "Database", "Database", "{D353ABFF-D742-4D64-AEC2-8E31B00710E0}"
EndProject
Project("{FAE04EC0-301F-11D3-BF4B-00C04F79EFBC}") = "TaskScript.Database.Models", "Database\TaskScript.Database.Models\TaskScript.Database.Models.csproj", "{C3CDF467-FAF8-4188-BC02-BD61E5F4042F}"
EndProject
Project("{FAE04EC0-301F-11D3-BF4B-00C04F79EFBC}") = "TaskScript.Database", "Database\TaskScript.Database\TaskScript.Database.csproj", "{5C6073A7-09F4-4726-9D44-ED2D8DD51F57}"
EndProject
Project("{2150E333-8FDC-42A3-9474-1A3956D46DE8}") = "Application", "Application", "{984FD90E-EA12-4E20-9672-7C6E45FAD0A9}"
EndProject
Project("{FAE04EC0-301F-11D3-BF4B-00C04F79EFBC}") = "TaskScript.Application", "Application\TaskScript.Application\TaskScript.Application.csproj", "{2A4FDB1A-DB7E-4E77-8783-422A495C3252}"
EndProject
Global
	GlobalSection(SolutionConfigurationPlatforms) = preSolution
		Debug|Any CPU = Debug|Any CPU
		Release|Any CPU = Release|Any CPU
	EndGlobalSection
	GlobalSection(ProjectConfigurationPlatforms) = postSolution
		{C3CDF467-FAF8-4188-BC02-BD61E5F4042F}.Debug|Any CPU.ActiveCfg = Debug|Any CPU
		{C3CDF467-FAF8-4188-BC02-BD61E5F4042F}.Debug|Any CPU.Build.0 = Debug|Any CPU
		{C3CDF467-FAF8-4188-BC02-BD61E5F4042F}.Release|Any CPU.ActiveCfg = Release|Any CPU
		{C3CDF467-FAF8-4188-BC02-BD61E5F4042F}.Release|Any CPU.Build.0 = Release|Any CPU
		{5C6073A7-09F4-4726-9D44-ED2D8DD51F57}.Debug|Any CPU.ActiveCfg = Debug|Any CPU
		{5C6073A7-09F4-4726-9D44-ED2D8DD51F57}.Debug|Any CPU.Build.0 = Debug|Any CPU
		{5C6073A7-09F4-4726-9D44-ED2D8DD51F57}.Release|Any CPU.ActiveCfg = Release|Any CPU
		{5C6073A7-09F4-4726-9D44-ED2D8DD51F57}.Release|Any CPU.Build.0 = Release|Any CPU
		{2A4FDB1A-DB7E-4E77-8783-422A495C3252}.Debug|Any CPU.ActiveCfg = Debug|Any CPU
		{2A4FDB1A-DB7E-4E77-8783-422A495C3252}.Debug|Any CPU.Build.0 = Debug|Any CPU
		{2A4FDB1A-DB7E-4E77-8783-422A495C3252}.Release|Any CPU.ActiveCfg = Release|Any CPU
		{2A4FDB1A-DB7E-4E77-8783-422A495C3252}.Release|Any CPU.Build.0 = Release|Any CPU
	EndGlobalSection
	GlobalSection(SolutionProperties) = preSolution
		HideSolutionNode = FALSE
	EndGlobalSection
	GlobalSection(NestedProjects) = preSolution
		{C3CDF467-FAF8-4188-BC02-BD61E5F4042F} = {D353ABFF-D742-4D64-AEC2-8E31B00710E0}
		{5C6073A7-09F4-4726-9D44-ED2D8DD51F57} = {D353ABFF-D742-4D64-AEC2-8E31B00710E0}
		{2A4FDB1A-DB7E-4E77-8783-422A495C3252} = {984FD90E-EA12-4E20-9672-7C6E45FAD0A9}
	EndGlobalSection
	GlobalSection(ExtensibilityGlobals) = postSolution
		SolutionGuid = {F8BFD000-F202-4E80-B3BF-458183FB7AA2}
	EndGlobalSection
EndGlobal
